
Microsoft Visual Studio Solution File, Format Version 12.00
# Visual Studio Version 17
VisualStudioVersion = 17.3.32922.545
MinimumVisualStudioVersion = 10.0.40219.1
Project("{2150E333-8FDC-42A3-9474-1A3956D46DE8}") = "Core", "Core", "{762CD136-8760-4EFE-B4A8-D43C16A5E54D}"
EndProject
Project("{2150E333-8FDC-42A3-9474-1A3956D46DE8}") = "Infrastructure", "Infrastructure", "{576536D3-E8B5-4B63-A4B3-A4183EB32134}"
EndProject
Project("{2150E333-8FDC-42A3-9474-1A3956D46DE8}") = "Presentation", "Presentation", "{B2ECD70B-79DC-44BD-A44A-F6082EB63AA1}"
EndProject
Project("{9A19103F-16F7-4668-BE54-9A1E7A4F7556}") = "CartSharp.Domain", "CartSharp.Domain\CartSharp.Domain.csproj", "{EF1D9093-792D-46EB-9930-C2D209E1C442}"
EndProject
Project("{9A19103F-16F7-4668-BE54-9A1E7A4F7556}") = "CartSharp.Service", "CartSharp.Service\CartSharp.Service.csproj", "{C94217EA-C0C6-4310-BE78-3EB8E8679963}"
EndProject
Project("{9A19103F-16F7-4668-BE54-9A1E7A4F7556}") = "CartSharp.WebApp", "CartSharp.WebApp\CartSharp.WebApp.csproj", "{5308E0B6-0776-4852-9089-CFA06EB39FCD}"
EndProject
Global
	GlobalSection(SolutionConfigurationPlatforms) = preSolution
		Debug|Any CPU = Debug|Any CPU
		Release|Any CPU = Release|Any CPU
	EndGlobalSection
	GlobalSection(ProjectConfigurationPlatforms) = postSolution
		{EF1D9093-792D-46EB-9930-C2D209E1C442}.Debug|Any CPU.ActiveCfg = Debug|Any CPU
		{EF1D9093-792D-46EB-9930-C2D209E1C442}.Debug|Any CPU.Build.0 = Debug|Any CPU
		{EF1D9093-792D-46EB-9930-C2D209E1C442}.Release|Any CPU.ActiveCfg = Release|Any CPU
		{EF1D9093-792D-46EB-9930-C2D209E1C442}.Release|Any CPU.Build.0 = Release|Any CPU
		{C94217EA-C0C6-4310-BE78-3EB8E8679963}.Debug|Any CPU.ActiveCfg = Debug|Any CPU
		{C94217EA-C0C6-4310-BE78-3EB8E8679963}.Debug|Any CPU.Build.0 = Debug|Any CPU
		{C94217EA-C0C6-4310-BE78-3EB8E8679963}.Release|Any CPU.ActiveCfg = Release|Any CPU
		{C94217EA-C0C6-4310-BE78-3EB8E8679963}.Release|Any CPU.Build.0 = Release|Any CPU
		{5308E0B6-0776-4852-9089-CFA06EB39FCD}.Debug|Any CPU.ActiveCfg = Debug|Any CPU
		{5308E0B6-0776-4852-9089-CFA06EB39FCD}.Debug|Any CPU.Build.0 = Debug|Any CPU
		{5308E0B6-0776-4852-9089-CFA06EB39FCD}.Release|Any CPU.ActiveCfg = Release|Any CPU
		{5308E0B6-0776-4852-9089-CFA06EB39FCD}.Release|Any CPU.Build.0 = Release|Any CPU
	EndGlobalSection
	GlobalSection(SolutionProperties) = preSolution
		HideSolutionNode = FALSE
	EndGlobalSection
	GlobalSection(NestedProjects) = preSolution
		{EF1D9093-792D-46EB-9930-C2D209E1C442} = {762CD136-8760-4EFE-B4A8-D43C16A5E54D}
		{C94217EA-C0C6-4310-BE78-3EB8E8679963} = {576536D3-E8B5-4B63-A4B3-A4183EB32134}
		{5308E0B6-0776-4852-9089-CFA06EB39FCD} = {B2ECD70B-79DC-44BD-A44A-F6082EB63AA1}
	EndGlobalSection
	GlobalSection(ExtensibilityGlobals) = postSolution
		SolutionGuid = {45A54856-67EA-4B1D-9B68-F009E5BD1673}
	EndGlobalSection
EndGlobal
