
Microsoft Visual Studio Solution File, Format Version 12.00
# Visual Studio Version 17
VisualStudioVersion = 17.3.32922.545
MinimumVisualStudioVersion = 10.0.40219.1
Project("{FAE04EC0-301F-11D3-BF4B-00C04F79EFBC}") = "EfCoreConsoleApp", "EfCoreConsoleApp\EfCoreConsoleApp.csproj", "{742D3CC8-A1E5-4D15-A8F8-491DFE9E50CC}"
EndProject
Global
	GlobalSection(SolutionConfigurationPlatforms) = preSolution
		Debug|Any CPU = Debug|Any CPU
		Release|Any CPU = Release|Any CPU
	EndGlobalSection
	GlobalSection(ProjectConfigurationPlatforms) = postSolution
		{742D3CC8-A1E5-4D15-A8F8-491DFE9E50CC}.Debug|Any CPU.ActiveCfg = Debug|Any CPU
		{742D3CC8-A1E5-4D15-A8F8-491DFE9E50CC}.Debug|Any CPU.Build.0 = Debug|Any CPU
		{742D3CC8-A1E5-4D15-A8F8-491DFE9E50CC}.Release|Any CPU.ActiveCfg = Release|Any CPU
		{742D3CC8-A1E5-4D15-A8F8-491DFE9E50CC}.Release|Any CPU.Build.0 = Release|Any CPU
	EndGlobalSection
	GlobalSection(SolutionProperties) = preSolution
		HideSolutionNode = FALSE
	EndGlobalSection
	GlobalSection(ExtensibilityGlobals) = postSolution
		SolutionGuid = {6E54CA6C-86C9-4241-AE5E-9F437D88E406}
	EndGlobalSection
EndGlobal
